
Microsoft Visual Studio Solution File, Format Version 12.00
# Visual Studio Version 16
VisualStudioVersion = 16.0.28803.156
MinimumVisualStudioVersion = 10.0.40219.1
Project("{8BC9CEB8-8B4A-11D0-8D11-00A0C91BC942}") = "Функции с перем. ч. пар", "..\Функции с перем. ч. пар\Функции с перем. ч. пар.vcxproj", "{94EC8127-316E-4B17-B629-81FFB113EBD0}"
EndProject
Global
	GlobalSection(SolutionConfigurationPlatforms) = preSolution
		Debug|x64 = Debug|x64
		Debug|x86 = Debug|x86
		Release|x64 = Release|x64
		Release|x86 = Release|x86
	EndGlobalSection
	GlobalSection(ProjectConfigurationPlatforms) = postSolution
		{94EC8127-316E-4B17-B629-81FFB113EBD0}.Debug|x64.ActiveCfg = Debug|x64
		{94EC8127-316E-4B17-B629-81FFB113EBD0}.Debug|x64.Build.0 = Debug|x64
		{94EC8127-316E-4B17-B629-81FFB113EBD0}.Debug|x86.ActiveCfg = Debug|Win32
		{94EC8127-316E-4B17-B629-81FFB113EBD0}.Debug|x86.Build.0 = Debug|Win32
		{94EC8127-316E-4B17-B629-81FFB113EBD0}.Release|x64.ActiveCfg = Release|x64
		{94EC8127-316E-4B17-B629-81FFB113EBD0}.Release|x64.Build.0 = Release|x64
		{94EC8127-316E-4B17-B629-81FFB113EBD0}.Release|x86.ActiveCfg = Release|Win32
		{94EC8127-316E-4B17-B629-81FFB113EBD0}.Release|x86.Build.0 = Release|Win32
	EndGlobalSection
	GlobalSection(SolutionProperties) = preSolution
		HideSolutionNode = FALSE
	EndGlobalSection
	GlobalSection(ExtensibilityGlobals) = postSolution
		SolutionGuid = {E96DE126-EE05-446A-B012-015AD2B90964}
	EndGlobalSection
EndGlobal
